
Microsoft Visual Studio Solution File, Format Version 12.00
# Visual Studio Version 17
VisualStudioVersion = 17.14.36408.4 d17.14
MinimumVisualStudioVersion = 10.0.40219.1
Project("{FAE04EC0-301F-11D3-BF4B-00C04F79EFBC}") = "GalantisShopUITests", "GalantisShopUITests\GalantisShopUITests.csproj", "{895A253C-0732-4C99-A5DB-7FF3594FA832}"
EndProject
Global
	GlobalSection(SolutionConfigurationPlatforms) = preSolution
		Debug|Any CPU = Debug|Any CPU
		Release|Any CPU = Release|Any CPU
	EndGlobalSection
	GlobalSection(ProjectConfigurationPlatforms) = postSolution
		{895A253C-0732-4C99-A5DB-7FF3594FA832}.Debug|Any CPU.ActiveCfg = Debug|Any CPU
		{895A253C-0732-4C99-A5DB-7FF3594FA832}.Debug|Any CPU.Build.0 = Debug|Any CPU
		{895A253C-0732-4C99-A5DB-7FF3594FA832}.Release|Any CPU.ActiveCfg = Release|Any CPU
		{895A253C-0732-4C99-A5DB-7FF3594FA832}.Release|Any CPU.Build.0 = Release|Any CPU
	EndGlobalSection
	GlobalSection(SolutionProperties) = preSolution
		HideSolutionNode = FALSE
	EndGlobalSection
	GlobalSection(ExtensibilityGlobals) = postSolution
		SolutionGuid = {098909E2-FD27-4650-A130-7093B95F03FA}
	EndGlobalSection
EndGlobal
